
Microsoft Visual Studio Solution File, Format Version 12.00
# Visual Studio 15
VisualStudioVersion = 15.0.28307.102
MinimumVisualStudioVersion = 10.0.40219.1
Project("{FAE04EC0-301F-11D3-BF4B-00C04F79EFBC}") = "SocketClient", "SocketClient\SocketClient.csproj", "{F30298CC-2130-4380-9961-A17B34E13F65}"
EndProject
Project("{FAE04EC0-301F-11D3-BF4B-00C04F79EFBC}") = "SocketServer", "SocketServer\SocketServer.csproj", "{2D609777-1DE4-4433-B01B-096025163C61}"
EndProject
Global
	GlobalSection(SolutionConfigurationPlatforms) = preSolution
		Debug|Any CPU = Debug|Any CPU
		Release|Any CPU = Release|Any CPU
	EndGlobalSection
	GlobalSection(ProjectConfigurationPlatforms) = postSolution
		{F30298CC-2130-4380-9961-A17B34E13F65}.Debug|Any CPU.ActiveCfg = Debug|Any CPU
		{F30298CC-2130-4380-9961-A17B34E13F65}.Debug|Any CPU.Build.0 = Debug|Any CPU
		{F30298CC-2130-4380-9961-A17B34E13F65}.Release|Any CPU.ActiveCfg = Release|Any CPU
		{F30298CC-2130-4380-9961-A17B34E13F65}.Release|Any CPU.Build.0 = Release|Any CPU
		{2D609777-1DE4-4433-B01B-096025163C61}.Debug|Any CPU.ActiveCfg = Debug|Any CPU
		{2D609777-1DE4-4433-B01B-096025163C61}.Debug|Any CPU.Build.0 = Debug|Any CPU
		{2D609777-1DE4-4433-B01B-096025163C61}.Release|Any CPU.ActiveCfg = Release|Any CPU
		{2D609777-1DE4-4433-B01B-096025163C61}.Release|Any CPU.Build.0 = Release|Any CPU
	EndGlobalSection
	GlobalSection(SolutionProperties) = preSolution
		HideSolutionNode = FALSE
	EndGlobalSection
	GlobalSection(ExtensibilityGlobals) = postSolution
		SolutionGuid = {720FC4DE-EDF4-41ED-BCE5-D7A2855E7CA9}
	EndGlobalSection
EndGlobal
